// !$*UTF8*$!
{
	archiveVersion = 1;
	classes = {
	};
	objectVersion = 77;
	objects = {

/* Begin PBXContainerItemProxy section */
		3BE517D22CD56C8B00437A75 /* PBXContainerItemProxy */ = {
			isa = PBXContainerItemProxy;
			containerPortal = 3BE517B92CD56C8900437A75 /* Project object */;
			proxyType = 1;
			remoteGlobalIDString = 3BE517C02CD56C8900437A75;
			remoteInfo = "4-LYFE";
		};
		3BE517DC2CD56C8B00437A75 /* PBXContainerItemProxy */ = {
			isa = PBXContainerItemProxy;
			containerPortal = 3BE517B92CD56C8900437A75 /* Project object */;
			proxyType = 1;
			remoteGlobalIDString = 3BE517C02CD56C8900437A75;
			remoteInfo = "4-LYFE";
		};
/* End PBXContainerItemProxy section */

/* Begin PBXFileReference section */
		3BE517C12CD56C8900437A75 /* 4-LYFE.app */ = {isa = PBXFileReference; explicitFileType = wrapper.application; includeInIndex = 0; path = "4-LYFE.app"; sourceTree = BUILT_PRODUCTS_DIR; };
		3BE517D12CD56C8B00437A75 /* 4-LYFETests.xctest */ = {isa = PBXFileReference; explicitFileType = wrapper.cfbundle; includeInIndex = 0; path = "4-LYFETests.xctest"; sourceTree = BUILT_PRODUCTS_DIR; };
		3BE517DB2CD56C8B00437A75 /* 4-LYFEUITests.xctest */ = {isa = PBXFileReference; explicitFileType = wrapper.cfbundle; includeInIndex = 0; path = "4-LYFEUITests.xctest"; sourceTree = BUILT_PRODUCTS_DIR; };
/* End PBXFileReference section */

/* Begin PBXFileSystemSynchronizedRootGroup section */
		3BE517C32CD56C8900437A75 /* 4-LYFE */ = {
			isa = PBXFileSystemSynchronizedRootGroup;
			path = "4-LYFE";
			sourceTree = "<group>";
		};
		3BE517D42CD56C8B00437A75 /* 4-LYFETests */ = {
			isa = PBXFileSystemSynchronizedRootGroup;
			path = "4-LYFETests";
			sourceTree = "<group>";
		};
		3BE517DE2CD56C8B00437A75 /* 4-LYFEUITests */ = {
			isa = PBXFileSystemSynchronizedRootGroup;
			path = "4-LYFEUITests";
			sourceTree = "<group>";
		};
/* End PBXFileSystemSynchronizedRootGroup section */

/* Begin PBXFrameworksBuildPhase section */
		3BE517BE2CD56C8900437A75 /* Frameworks */ = {
			isa = PBXFrameworksBuildPhase;
			buildActionMask = 2147483647;
			files = (
			);
			runOnlyForDeploymentPostprocessing = 0;
		};
		3BE517CE2CD56C8B00437A75 /* Frameworks */ = {
			isa = PBXFrameworksBuildPhase;
			buildActionMask = 2147483647;
			files = (
			);
			runOnlyForDeploymentPostprocessing = 0;
		};
		3BE517D82CD56C8B00437A75 /* Frameworks */ = {
			isa = PBXFrameworksBuildPhase;
			buildActionMask = 2147483647;
			files = (
			);
			runOnlyForDeploymentPostprocessing = 0;
		};
/* End PBXFrameworksBuildPhase section */

/* Begin PBXGroup section */
		3BE517B82CD56C8900437A75 = {
			isa = PBXGroup;
			children = (
				3BE517C32CD56C8900437A75 /* 4-LYFE */,
				3BE517D42CD56C8B00437A75 /* 4-LYFETests */,
				3BE517DE2CD56C8B00437A75 /* 4-LYFEUITests */,
				3BE517C22CD56C8900437A75 /* Products */,
			);
			sourceTree = "<group>";
		};
		3BE517C22CD56C8900437A75 /* Products */ = {
			isa = PBXGroup;
			children = (
				3BE517C12CD56C8900437A75 /* 4-LYFE.app */,
				3BE517D12CD56C8B00437A75 /* 4-LYFETests.xctest */,
				3BE517DB2CD56C8B00437A75 /* 4-LYFEUITests.xctest */,
			);
			name = Products;
			sourceTree = "<group>";
		};
/* End PBXGroup section */

/* Begin PBXNativeTarget section */
		3BE517C02CD56C8900437A75 /* 4-LYFE */ = {
			isa = PBXNativeTarget;
			buildConfigurationList = 3BE517E52CD56C8B00437A75 /* Build configuration list for PBXNativeTarget "4-LYFE" */;
			buildPhases = (
				3BE517BD2CD56C8900437A75 /* Sources */,
				3BE517BE2CD56C8900437A75 /* Frameworks */,
				3BE517BF2CD56C8900437A75 /* Resources */,
			);
			buildRules = (
			);
			dependencies = (
			);
			fileSystemSynchronizedGroups = (
				3BE517C32CD56C8900437A75 /* 4-LYFE */,
			);
			name = "4-LYFE";
			packageProductDependencies = (
			);
			productName = "4-LYFE";
			productReference = 3BE517C12CD56C8900437A75 /* 4-LYFE.app */;
			productType = "com.apple.product-type.application";
		};
		3BE517D02CD56C8B00437A75 /* 4-LYFETests */ = {
			isa = PBXNativeTarget;
			buildConfigurationList = 3BE517E82CD56C8B00437A75 /* Build configuration list for PBXNativeTarget "4-LYFETests" */;
			buildPhases = (
				3BE517CD2CD56C8B00437A75 /* Sources */,
				3BE517CE2CD56C8B00437A75 /* Frameworks */,
				3BE517CF2CD56C8B00437A75 /* Resources */,
			);
			buildRules = (
			);
			dependencies = (
				3BE517D32CD56C8B00437A75 /* PBXTargetDependency */,
			);
			fileSystemSynchronizedGroups = (
				3BE517D42CD56C8B00437A75 /* 4-LYFETests */,
			);
			name = "4-LYFETests";
			packageProductDependencies = (
			);
			productName = "4-LYFETests";
			productReference = 3BE517D12CD56C8B00437A75 /* 4-LYFETests.xctest */;
			productType = "com.apple.product-type.bundle.unit-test";
		};
		3BE517DA2CD56C8B00437A75 /* 4-LYFEUITests */ = {
			isa = PBXNativeTarget;
			buildConfigurationList = 3BE517EB2CD56C8B00437A75 /* Build configuration list for PBXNativeTarget "4-LYFEUITests" */;
			buildPhases = (
				3BE517D72CD56C8B00437A75 /* Sources */,
				3BE517D82CD56C8B00437A75 /* Frameworks */,
				3BE517D92CD56C8B00437A75 /* Resources */,
			);
			buildRules = (
			);
			dependencies = (
				3BE517DD2CD56C8B00437A75 /* PBXTargetDependency */,
			);
			fileSystemSynchronizedGroups = (
				3BE517DE2CD56C8B00437A75 /* 4-LYFEUITests */,
			);
			name = "4-LYFEUITests";
			packageProductDependencies = (
			);
			productName = "4-LYFEUITests";
			productReference = 3BE517DB2CD56C8B00437A75 /* 4-LYFEUITests.xctest */;
			productType = "com.apple.product-type.bundle.ui-testing";
		};
/* End PBXNativeTarget section */

/* Begin PBXProject section */
		3BE517B92CD56C8900437A75 /* Project object */ = {
			isa = PBXProject;
			attributes = {
				BuildIndependentTargetsInParallel = 1;
				LastSwiftUpdateCheck = 1610;
				LastUpgradeCheck = 1610;
				TargetAttributes = {
					3BE517C02CD56C8900437A75 = {
						CreatedOnToolsVersion = 16.1;
					};
					3BE517D02CD56C8B00437A75 = {
						CreatedOnToolsVersion = 16.1;
						TestTargetID = 3BE517C02CD56C8900437A75;
					};
					3BE517DA2CD56C8B00437A75 = {
						CreatedOnToolsVersion = 16.1;
						TestTargetID = 3BE517C02CD56C8900437A75;
					};
				};
			};
			buildConfigurationList = 3BE517BC2CD56C8900437A75 /* Build configuration list for PBXProject "4-LYFE" */;
			developmentRegion = en;
			hasScannedForEncodings = 0;
			knownRegions = (
				en,
				Base,
			);
			mainGroup = 3BE517B82CD56C8900437A75;
			minimizedProjectReferenceProxies = 1;
			preferredProjectObjectVersion = 77;
			productRefGroup = 3BE517C22CD56C8900437A75 /* Products */;
			projectDirPath = "";
			projectRoot = "";
			targets = (
				3BE517C02CD56C8900437A75 /* 4-LYFE */,
				3BE517D02CD56C8B00437A75 /* 4-LYFETests */,
				3BE517DA2CD56C8B00437A75 /* 4-LYFEUITests */,
			);
		};
/* End PBXProject section */

/* Begin PBXResourcesBuildPhase section */
		3BE517BF2CD56C8900437A75 /* Resources */ = {
			isa = PBXResourcesBuildPhase;
			buildActionMask = 2147483647;
			files = (
			);
			runOnlyForDeploymentPostprocessing = 0;
		};
		3BE517CF2CD56C8B00437A75 /* Resources */ = {
			isa = PBXResourcesBuildPhase;
			buildActionMask = 2147483647;
			files = (
			);
			runOnlyForDeploymentPostprocessing = 0;
		};
		3BE517D92CD56C8B00437A75 /* Resources */ = {
			isa = PBXResourcesBuildPhase;
			buildActionMask = 2147483647;
			files = (
			);
			runOnlyForDeploymentPostprocessing = 0;
		};
/* End PBXResourcesBuildPhase section */

/* Begin PBXSourcesBuildPhase section */
		3BE517BD2CD56C8900437A75 /* Sources */ = {
			isa = PBXSourcesBuildPhase;
			buildActionMask = 2147483647;
			files = (
			);
			runOnlyForDeploymentPostprocessing = 0;
		};
		3BE517CD2CD56C8B00437A75 /* Sources */ = {
			isa = PBXSourcesBuildPhase;
			buildActionMask = 2147483647;
			files = (
			);
			runOnlyForDeploymentPostprocessing = 0;
		};
		3BE517D72CD56C8B00437A75 /* Sources */ = {
			isa = PBXSourcesBuildPhase;
			buildActionMask = 2147483647;
			files = (
			);
			runOnlyForDeploymentPostprocessing = 0;
		};
/* End PBXSourcesBuildPhase section */

/* Begin PBXTargetDependency section */
		3BE517D32CD56C8B00437A75 /* PBXTargetDependency */ = {
			isa = PBXTargetDependency;
			target = 3BE517C02CD56C8900437A75 /* 4-LYFE */;
			targetProxy = 3BE517D22CD56C8B00437A75 /* PBXContainerItemProxy */;
		};
		3BE517DD2CD56C8B00437A75 /* PBXTargetDependency */ = {
			isa = PBXTargetDependency;
			target = 3BE517C02CD56C8900437A75 /* 4-LYFE */;
			targetProxy = 3BE517DC2CD56C8B00437A75 /* PBXContainerItemProxy */;
		};
/* End PBXTargetDependency section */

/* Begin XCBuildConfiguration section */
		3BE517E32CD56C8B00437A75 /* Debug */ = {
			isa = XCBuildConfiguration;
			buildSettings = {
				ALWAYS_SEARCH_USER_PATHS = NO;
				ASSETCATALOG_COMPILER_GENERATE_SWIFT_ASSET_SYMBOL_EXTENSIONS = YES;
				CLANG_ANALYZER_NONNULL = YES;
				CLANG_ANALYZER_NUMBER_OBJECT_CONVERSION = YES_AGGRESSIVE;
				CLANG_CXX_LANGUAGE_STANDARD = "gnu++20";
				CLANG_ENABLE_MODULES = YES;
				CLANG_ENABLE_OBJC_ARC = YES;
				CLANG_ENABLE_OBJC_WEAK = YES;
				CLANG_WARN_BLOCK_CAPTURE_AUTORELEASING = YES;
				CLANG_WARN_BOOL_CONVERSION = YES;
				CLANG_WARN_COMMA = YES;
				CLANG_WARN_CONSTANT_CONVERSION = YES;
				CLANG_WARN_DEPRECATED_OBJC_IMPLEMENTATIONS = YES;
				CLANG_WARN_DIRECT_OBJC_ISA_USAGE = YES_ERROR;
				CLANG_WARN_DOCUMENTATION_COMMENTS = YES;
				CLANG_WARN_EMPTY_BODY = YES;
				CLANG_WARN_ENUM_CONVERSION = YES;
				CLANG_WARN_INFINITE_RECURSION = YES;
				CLANG_WARN_INT_CONVERSION = YES;
				CLANG_WARN_NON_LITERAL_NULL_CONVERSION = YES;
				CLANG_WARN_OBJC_IMPLICIT_RETAIN_SELF = YES;
				CLANG_WARN_OBJC_LITERAL_CONVERSION = YES;
				CLANG_WARN_OBJC_ROOT_CLASS = YES_ERROR;
				CLANG_WARN_QUOTED_INCLUDE_IN_FRAMEWORK_HEADER = YES;
				CLANG_WARN_RANGE_LOOP_ANALYSIS = YES;
				CLANG_WARN_STRICT_PROTOTYPES = YES;
				CLANG_WARN_SUSPICIOUS_MOVE = YES;
				CLANG_WARN_UNGUARDED_AVAILABILITY = YES_AGGRESSIVE;
				CLANG_WARN_UNREACHABLE_CODE = YES;
				CLANG_WARN__DUPLICATE_METHOD_MATCH = YES;
				COPY_PHASE_STRIP = NO;
				DEBUG_INFORMATION_FORMAT = dwarf;
				ENABLE_STRICT_OBJC_MSGSEND = YES;
				ENABLE_TESTABILITY = YES;
				ENABLE_USER_SCRIPT_SANDBOXING = YES;
				GCC_C_LANGUAGE_STANDARD = gnu17;
				GCC_DYNAMIC_NO_PIC = NO;
				GCC_NO_COMMON_BLOCKS = YES;
				GCC_OPTIMIZATION_LEVEL = 0;
				GCC_PREPROCESSOR_DEFINITIONS = (
					"DEBUG=1",
					"$(inherited)",
				);
				GCC_WARN_64_TO_32_BIT_CONVERSION = YES;
				GCC_WARN_ABOUT_RETURN_TYPE = YES_ERROR;
				GCC_WARN_UNDECLARED_SELECTOR = YES;
				GCC_WARN_UNINITIALIZED_AUTOS = YES_AGGRESSIVE;
				GCC_WARN_UNUSED_FUNCTION = YES;
				GCC_WARN_UNUSED_VARIABLE = YES;
				IPHONEOS_DEPLOYMENT_TARGET = 18.1;
				LOCALIZATION_PREFERS_STRING_CATALOGS = YES;
				MTL_ENABLE_DEBUG_INFO = INCLUDE_SOURCE;
				MTL_FAST_MATH = YES;
				ONLY_ACTIVE_ARCH = YES;
				SDKROOT = iphoneos;
				SWIFT_ACTIVE_COMPILATION_CONDITIONS = "DEBUG $(inherited)";
				SWIFT_OPTIMIZATION_LEVEL = "-Onone";
			};
			name = Debug;
		};
		3BE517E42CD56C8B00437A75 /* Release */ = {
			isa = XCBuildConfiguration;
			buildSettings = {
				ALWAYS_SEARCH_USER_PATHS = NO;
				ASSETCATALOG_COMPILER_GENERATE_SWIFT_ASSET_SYMBOL_EXTENSIONS = YES;
				CLANG_ANALYZER_NONNULL = YES;
				CLANG_ANALYZER_NUMBER_OBJECT_CONVERSION = YES_AGGRESSIVE;
				CLANG_CXX_LANGUAGE_STANDARD = "gnu++20";
				CLANG_ENABLE_MODULES = YES;
				CLANG_ENABLE_OBJC_ARC = YES;
				CLANG_ENABLE_OBJC_WEAK = YES;
				CLANG_WARN_BLOCK_CAPTURE_AUTORELEASING = YES;
				CLANG_WARN_BOOL_CONVERSION = YES;
				CLANG_WARN_COMMA = YES;
				CLANG_WARN_CONSTANT_CONVERSION = YES;
				CLANG_WARN_DEPRECATED_OBJC_IMPLEMENTATIONS = YES;
				CLANG_WARN_DIRECT_OBJC_ISA_USAGE = YES_ERROR;
				CLANG_WARN_DOCUMENTATION_COMMENTS = YES;
				CLANG_WARN_EMPTY_BODY = YES;
				CLANG_WARN_ENUM_CONVERSION = YES;
				CLANG_WARN_INFINITE_RECURSION = YES;
				CLANG_WARN_INT_CONVERSION = YES;
				CLANG_WARN_NON_LITERAL_NULL_CONVERSION = YES;
				CLANG_WARN_OBJC_IMPLICIT_RETAIN_SELF = YES;
				CLANG_WARN_OBJC_LITERAL_CONVERSION = YES;
				CLANG_WARN_OBJC_ROOT_CLASS = YES_ERROR;
				CLANG_WARN_QUOTED_INCLUDE_IN_FRAMEWORK_HEADER = YES;
				CLANG_WARN_RANGE_LOOP_ANALYSIS = YES;
				CLANG_WARN_STRICT_PROTOTYPES = YES;
				CLANG_WARN_SUSPICIOUS_MOVE = YES;
				CLANG_WARN_UNGUARDED_AVAILABILITY = YES_AGGRESSIVE;
				CLANG_WARN_UNREACHABLE_CODE = YES;
				CLANG_WARN__DUPLICATE_METHOD_MATCH = YES;
				COPY_PHASE_STRIP = NO;
				DEBUG_INFORMATION_FORMAT = "dwarf-with-dsym";
				ENABLE_NS_ASSERTIONS = NO;
				ENABLE_STRICT_OBJC_MSGSEND = YES;
				ENABLE_USER_SCRIPT_SANDBOXING = YES;
				GCC_C_LANGUAGE_STANDARD = gnu17;
				GCC_NO_COMMON_BLOCKS = YES;
				GCC_WARN_64_TO_32_BIT_CONVERSION = YES;
				GCC_WARN_ABOUT_RETURN_TYPE = YES_ERROR;
				GCC_WARN_UNDECLARED_SELECTOR = YES;
				GCC_WARN_UNINITIALIZED_AUTOS = YES_AGGRESSIVE;
				GCC_WARN_UNUSED_FUNCTION = YES;
				GCC_WARN_UNUSED_VARIABLE = YES;
				IPHONEOS_DEPLOYMENT_TARGET = 18.1;
				LOCALIZATION_PREFERS_STRING_CATALOGS = YES;
				MTL_ENABLE_DEBUG_INFO = NO;
				MTL_FAST_MATH = YES;
				SDKROOT = iphoneos;
				SWIFT_COMPILATION_MODE = wholemodule;
				VALIDATE_PRODUCT = YES;
			};
			name = Release;
		};
		3BE517E62CD56C8B00437A75 /* Debug */ = {
			isa = XCBuildConfiguration;
			buildSettings = {
				ASSETCATALOG_COMPILER_APPICON_NAME = AppIcon;
				ASSETCATALOG_COMPILER_GLOBAL_ACCENT_COLOR_NAME = AccentColor;
				CODE_SIGN_STYLE = Automatic;
				CURRENT_PROJECT_VERSION = 1;
				DEVELOPMENT_ASSET_PATHS = "\"4-LYFE/Preview Content\"";
				ENABLE_PREVIEWS = YES;
				GENERATE_INFOPLIST_FILE = YES;
				INFOPLIST_KEY_UIApplicationSceneManifest_Generation = YES;
				INFOPLIST_KEY_UIApplicationSupportsIndirectInputEvents = YES;
				INFOPLIST_KEY_UILaunchScreen_Generation = YES;
				INFOPLIST_KEY_UISupportedInterfaceOrientations_iPad = "UIInterfaceOrientationPortrait UIInterfaceOrientationPortraitUpsideDown UIInterfaceOrientationLandscapeLeft UIInterfaceOrientationLandscapeRight";
				INFOPLIST_KEY_UISupportedInterfaceOrientations_iPhone = "UIInterfaceOrientationPortrait UIInterfaceOrientationLandscapeLeft UIInterfaceOrientationLandscapeRight";
				LD_RUNPATH_SEARCH_PATHS = (
					"$(inherited)",
					"@executable_path/Frameworks",
				);
				MARKETING_VERSION = 1.0;
				PRODUCT_BUNDLE_IDENTIFIER = "tyler.mckell.--LYFE";
				PRODUCT_NAME = "$(TARGET_NAME)";
				SWIFT_EMIT_LOC_STRINGS = YES;
				SWIFT_VERSION = 5.0;
				TARGETED_DEVICE_FAMILY = "1,2";
			};
			name = Debug;
		};
		3BE517E72CD56C8B00437A75 /* Release */ = {
			isa = XCBuildConfiguration;
			buildSettings = {
				ASSETCATALOG_COMPILER_APPICON_NAME = AppIcon;
				ASSETCATALOG_COMPILER_GLOBAL_ACCENT_COLOR_NAME = AccentColor;
				CODE_SIGN_STYLE = Automatic;
				CURRENT_PROJECT_VERSION = 1;
				DEVELOPMENT_ASSET_PATHS = "\"4-LYFE/Preview Content\"";
				ENABLE_PREVIEWS = YES;
				GENERATE_INFOPLIST_FILE = YES;
				INFOPLIST_KEY_UIApplicationSceneManifest_Generation = YES;
				INFOPLIST_KEY_UIApplicationSupportsIndirectInputEvents = YES;
				INFOPLIST_KEY_UILaunchScreen_Generation = YES;
				INFOPLIST_KEY_UISupportedInterfaceOrientations_iPad = "UIInterfaceOrientationPortrait UIInterfaceOrientationPortraitUpsideDown UIInterfaceOrientationLandscapeLeft UIInterfaceOrientationLandscapeRight";
				INFOPLIST_KEY_UISupportedInterfaceOrientations_iPhone = "UIInterfaceOrientationPortrait UIInterfaceOrientationLandscapeLeft UIInterfaceOrientationLandscapeRight";
				LD_RUNPATH_SEARCH_PATHS = (
					"$(inherited)",
					"@executable_path/Frameworks",
				);
				MARKETING_VERSION = 1.0;
				PRODUCT_BUNDLE_IDENTIFIER = "tyler.mckell.--LYFE";
				PRODUCT_NAME = "$(TARGET_NAME)";
				SWIFT_EMIT_LOC_STRINGS = YES;
				SWIFT_VERSION = 5.0;
				TARGETED_DEVICE_FAMILY = "1,2";
			};
			name = Release;
		};
		3BE517E92CD56C8B00437A75 /* Debug */ = {
			isa = XCBuildConfiguration;
			buildSettings = {
				BUNDLE_LOADER = "$(TEST_HOST)";
				CODE_SIGN_STYLE = Automatic;
				CURRENT_PROJECT_VERSION = 1;
				GENERATE_INFOPLIST_FILE = YES;
				IPHONEOS_DEPLOYMENT_TARGET = 18.1;
				MARKETING_VERSION = 1.0;
				PRODUCT_BUNDLE_IDENTIFIER = "tyler.mckell.--LYFETests";
				PRODUCT_NAME = "$(TARGET_NAME)";
				SWIFT_EMIT_LOC_STRINGS = NO;
				SWIFT_VERSION = 5.0;
				TARGETED_DEVICE_FAMILY = "1,2";
				TEST_HOST = "$(BUILT_PRODUCTS_DIR)/4-LYFE.app/$(BUNDLE_EXECUTABLE_FOLDER_PATH)/4-LYFE";
			};
			name = Debug;
		};
		3BE517EA2CD56C8B00437A75 /* Release */ = {
			isa = XCBuildConfiguration;
			buildSettings = {
				BUNDLE_LOADER = "$(TEST_HOST)";
				CODE_SIGN_STYLE = Automatic;
				CURRENT_PROJECT_VERSION = 1;
				GENERATE_INFOPLIST_FILE = YES;
				IPHONEOS_DEPLOYMENT_TARGET = 18.1;
				MARKETING_VERSION = 1.0;
				PRODUCT_BUNDLE_IDENTIFIER = "tyler.mckell.--LYFETests";
				PRODUCT_NAME = "$(TARGET_NAME)";
				SWIFT_EMIT_LOC_STRINGS = NO;
				SWIFT_VERSION = 5.0;
				TARGETED_DEVICE_FAMILY = "1,2";
				TEST_HOST = "$(BUILT_PRODUCTS_DIR)/4-LYFE.app/$(BUNDLE_EXECUTABLE_FOLDER_PATH)/4-LYFE";
			};
			name = Release;
		};
		3BE517EC2CD56C8B00437A75 /* Debug */ = {
			isa = XCBuildConfiguration;
			buildSettings = {
				CODE_SIGN_STYLE = Automatic;
				CURRENT_PROJECT_VERSION = 1;
				GENERATE_INFOPLIST_FILE = YES;
				MARKETING_VERSION = 1.0;
				PRODUCT_BUNDLE_IDENTIFIER = "tyler.mckell.--LYFEUITests";
				PRODUCT_NAME = "$(TARGET_NAME)";
				SWIFT_EMIT_LOC_STRINGS = NO;
				SWIFT_VERSION = 5.0;
				TARGETED_DEVICE_FAMILY = "1,2";
				TEST_TARGET_NAME = "4-LYFE";
			};
			name = Debug;
		};
		3BE517ED2CD56C8B00437A75 /* Release */ = {
			isa = XCBuildConfiguration;
			buildSettings = {
				CODE_SIGN_STYLE = Automatic;
				CURRENT_PROJECT_VERSION = 1;
				GENERATE_INFOPLIST_FILE = YES;
				MARKETING_VERSION = 1.0;
				PRODUCT_BUNDLE_IDENTIFIER = "tyler.mckell.--LYFEUITests";
				PRODUCT_NAME = "$(TARGET_NAME)";
				SWIFT_EMIT_LOC_STRINGS = NO;
				SWIFT_VERSION = 5.0;
				TARGETED_DEVICE_FAMILY = "1,2";
				TEST_TARGET_NAME = "4-LYFE";
			};
			name = Release;
		};
/* End XCBuildConfiguration section */

/* Begin XCConfigurationList section */
		3BE517BC2CD56C8900437A75 /* Build configuration list for PBXProject "4-LYFE" */ = {
			isa = XCConfigurationList;
			buildConfigurations = (
				3BE517E32CD56C8B00437A75 /* Debug */,
				3BE517E42CD56C8B00437A75 /* Release */,
			);
			defaultConfigurationIsVisible = 0;
			defaultConfigurationName = Release;
		};
		3BE517E52CD56C8B00437A75 /* Build configuration list for PBXNativeTarget "4-LYFE" */ = {
			isa = XCConfigurationList;
			buildConfigurations = (
				3BE517E62CD56C8B00437A75 /* Debug */,
				3BE517E72CD56C8B00437A75 /* Release */,
			);
			defaultConfigurationIsVisible = 0;
			defaultConfigurationName = Release;
		};
		3BE517E82CD56C8B00437A75 /* Build configuration list for PBXNativeTarget "4-LYFETests" */ = {
			isa = XCConfigurationList;
			buildConfigurations = (
				3BE517E92CD56C8B00437A75 /* Debug */,
				3BE517EA2CD56C8B00437A75 /* Release */,
			);
			defaultConfigurationIsVisible = 0;
			defaultConfigurationName = Release;
		};
		3BE517EB2CD56C8B00437A75 /* Build configuration list for PBXNativeTarget "4-LYFEUITests" */ = {
			isa = XCConfigurationList;
			buildConfigurations = (
				3BE517EC2CD56C8B00437A75 /* Debug */,
				3BE517ED2CD56C8B00437A75 /* Release */,
			);
			defaultConfigurationIsVisible = 0;
			defaultConfigurationName = Release;
		};
/* End XCConfigurationList section */
	};
	rootObject = 3BE517B92CD56C8900437A75 /* Project object */;
}
